// !$*UTF8*$!
{
	archiveVersion = 1;
	classes = {
	};
	objectVersion = 50;
	objects = {

/* Begin PBXBuildFile section */
		AF281D1926315CAB0003CE40 /* Main.storyboard in Resources */ = {isa = PBXBuildFile; fileRef = AF281D1826315CAB0003CE40 /* Main.storyboard */; };
		AF281D1F263165CA0003CE40 /* NMAutomobileTableViewController.m in Sources */ = {isa = PBXBuildFile; fileRef = AF281D1E263165CA0003CE40 /* NMAutomobileTableViewController.m */; };
		AF281D2526316F8C0003CE40 /* NMAutomobileImageViewController.m in Sources */ = {isa = PBXBuildFile; fileRef = AF281D2426316F8C0003CE40 /* NMAutomobileImageViewController.m */; };
		AF281D2B26316FAB0003CE40 /* NMAotumobileDetailsViewController.m in Sources */ = {isa = PBXBuildFile; fileRef = AF281D2A26316FAB0003CE40 /* NMAotumobileDetailsViewController.m */; };
		AF3EADF1262AD3F90011D505 /* AppDelegate.m in Sources */ = {isa = PBXBuildFile; fileRef = AF3EADF0262AD3F90011D505 /* AppDelegate.m */; };
		AF3EADF4262AD3F90011D505 /* SceneDelegate.m in Sources */ = {isa = PBXBuildFile; fileRef = AF3EADF3262AD3F90011D505 /* SceneDelegate.m */; };
		AF3EADFC262AD4090011D505 /* Assets.xcassets in Resources */ = {isa = PBXBuildFile; fileRef = AF3EADFB262AD4090011D505 /* Assets.xcassets */; };
		AF3EADFF262AD4090011D505 /* LaunchScreen.storyboard in Resources */ = {isa = PBXBuildFile; fileRef = AF3EADFD262AD4090011D505 /* LaunchScreen.storyboard */; };
		AF3EAE02262AD4090011D505 /* main.m in Sources */ = {isa = PBXBuildFile; fileRef = AF3EAE01262AD4090011D505 /* main.m */; };
		AF3EAE0C262AD40C0011D505 /* Anas_Final_ProjectTests.m in Sources */ = {isa = PBXBuildFile; fileRef = AF3EAE0B262AD40C0011D505 /* Anas_Final_ProjectTests.m */; };
		AF3EAE17262AD40C0011D505 /* Anas_Final_ProjectUITests.m in Sources */ = {isa = PBXBuildFile; fileRef = AF3EAE16262AD40C0011D505 /* Anas_Final_ProjectUITests.m */; };
		AF3EAE53262AE2530011D505 /* NMEngine.m in Sources */ = {isa = PBXBuildFile; fileRef = AF3EAE4B262AE2520011D505 /* NMEngine.m */; };
		AF3EAE54262AE2530011D505 /* NMMotorCycle.m in Sources */ = {isa = PBXBuildFile; fileRef = AF3EAE4F262AE2530011D505 /* NMMotorCycle.m */; };
		AF3EAE55262AE2530011D505 /* NMAutomobile.m in Sources */ = {isa = PBXBuildFile; fileRef = AF3EAE50262AE2530011D505 /* NMAutomobile.m */; };
		AF3EAE56262AE2530011D505 /* NMCar.m in Sources */ = {isa = PBXBuildFile; fileRef = AF3EAE51262AE2530011D505 /* NMCar.m */; };
		AF3EAE5F262AE2A60011D505 /* NMVehicle.m in Sources */ = {isa = PBXBuildFile; fileRef = AF3EAE5E262AE2A60011D505 /* NMVehicle.m */; };
		AF3EAE65262AE3DD0011D505 /* NMTruck.m in Sources */ = {isa = PBXBuildFile; fileRef = AF3EAE64262AE3DD0011D505 /* NMTruck.m */; };
		AFA0608526341BF200B7E239 /* AutomobileViewController.m in Sources */ = {isa = PBXBuildFile; fileRef = AFA0608426341BF200B7E239 /* AutomobileViewController.m */; };
/* End PBXBuildFile section */

/* Begin PBXContainerItemProxy section */
		AF3EAE08262AD40C0011D505 /* PBXContainerItemProxy */ = {
			isa = PBXContainerItemProxy;
			containerPortal = AF3EADE4262AD3F80011D505 /* Project object */;
			proxyType = 1;
			remoteGlobalIDString = AF3EADEB262AD3F80011D505;
			remoteInfo = "Anas Final Project";
		};
		AF3EAE13262AD40C0011D505 /* PBXContainerItemProxy */ = {
			isa = PBXContainerItemProxy;
			containerPortal = AF3EADE4262AD3F80011D505 /* Project object */;
			proxyType = 1;
			remoteGlobalIDString = AF3EADEB262AD3F80011D505;
			remoteInfo = "Anas Final Project";
		};
/* End PBXContainerItemProxy section */

/* Begin PBXFileReference section */
		AF281D1826315CAB0003CE40 /* Main.storyboard */ = {isa = PBXFileReference; lastKnownFileType = file.storyboard; path = Main.storyboard; sourceTree = "<group>"; };
		AF281D1D263165CA0003CE40 /* NMAutomobileTableViewController.h */ = {isa = PBXFileReference; lastKnownFileType = sourcecode.c.h; path = NMAutomobileTableViewController.h; sourceTree = "<group>"; };
		AF281D1E263165CA0003CE40 /* NMAutomobileTableViewController.m */ = {isa = PBXFileReference; lastKnownFileType = sourcecode.c.objc; path = NMAutomobileTableViewController.m; sourceTree = "<group>"; };
		AF281D2326316F8C0003CE40 /* NMAutomobileImageViewController.h */ = {isa = PBXFileReference; lastKnownFileType = sourcecode.c.h; path = NMAutomobileImageViewController.h; sourceTree = "<group>"; };
		AF281D2426316F8C0003CE40 /* NMAutomobileImageViewController.m */ = {isa = PBXFileReference; lastKnownFileType = sourcecode.c.objc; path = NMAutomobileImageViewController.m; sourceTree = "<group>"; };
		AF281D2926316FAB0003CE40 /* NMAotumobileDetailsViewController.h */ = {isa = PBXFileReference; lastKnownFileType = sourcecode.c.h; path = NMAotumobileDetailsViewController.h; sourceTree = "<group>"; };
		AF281D2A26316FAB0003CE40 /* NMAotumobileDetailsViewController.m */ = {isa = PBXFileReference; lastKnownFileType = sourcecode.c.objc; path = NMAotumobileDetailsViewController.m; sourceTree = "<group>"; };
		AF3EADEC262AD3F80011D505 /* Anas Final Project.app */ = {isa = PBXFileReference; explicitFileType = wrapper.application; includeInIndex = 0; path = "Anas Final Project.app"; sourceTree = BUILT_PRODUCTS_DIR; };
		AF3EADEF262AD3F90011D505 /* AppDelegate.h */ = {isa = PBXFileReference; lastKnownFileType = sourcecode.c.h; path = AppDelegate.h; sourceTree = "<group>"; };
		AF3EADF0262AD3F90011D505 /* AppDelegate.m */ = {isa = PBXFileReference; lastKnownFileType = sourcecode.c.objc; path = AppDelegate.m; sourceTree = "<group>"; };
		AF3EADF2262AD3F90011D505 /* SceneDelegate.h */ = {isa = PBXFileReference; lastKnownFileType = sourcecode.c.h; path = SceneDelegate.h; sourceTree = "<group>"; };
		AF3EADF3262AD3F90011D505 /* SceneDelegate.m */ = {isa = PBXFileReference; lastKnownFileType = sourcecode.c.objc; path = SceneDelegate.m; sourceTree = "<group>"; };
		AF3EADFB262AD4090011D505 /* Assets.xcassets */ = {isa = PBXFileReference; lastKnownFileType = folder.assetcatalog; path = Assets.xcassets; sourceTree = "<group>"; };
		AF3EADFE262AD4090011D505 /* Base */ = {isa = PBXFileReference; lastKnownFileType = file.storyboard; name = Base; path = Base.lproj/LaunchScreen.storyboard; sourceTree = "<group>"; };
		AF3EAE00262AD4090011D505 /* Info.plist */ = {isa = PBXFileReference; lastKnownFileType = text.plist.xml; path = Info.plist; sourceTree = "<group>"; };
		AF3EAE01262AD4090011D505 /* main.m */ = {isa = PBXFileReference; lastKnownFileType = sourcecode.c.objc; path = main.m; sourceTree = "<group>"; };
		AF3EAE07262AD40C0011D505 /* Anas Final ProjectTests.xctest */ = {isa = PBXFileReference; explicitFileType = wrapper.cfbundle; includeInIndex = 0; path = "Anas Final ProjectTests.xctest"; sourceTree = BUILT_PRODUCTS_DIR; };
		AF3EAE0B262AD40C0011D505 /* Anas_Final_ProjectTests.m */ = {isa = PBXFileReference; lastKnownFileType = sourcecode.c.objc; path = Anas_Final_ProjectTests.m; sourceTree = "<group>"; };
		AF3EAE0D262AD40C0011D505 /* Info.plist */ = {isa = PBXFileReference; lastKnownFileType = text.plist.xml; path = Info.plist; sourceTree = "<group>"; };
		AF3EAE12262AD40C0011D505 /* Anas Final ProjectUITests.xctest */ = {isa = PBXFileReference; explicitFileType = wrapper.cfbundle; includeInIndex = 0; path = "Anas Final ProjectUITests.xctest"; sourceTree = BUILT_PRODUCTS_DIR; };
		AF3EAE16262AD40C0011D505 /* Anas_Final_ProjectUITests.m */ = {isa = PBXFileReference; lastKnownFileType = sourcecode.c.objc; path = Anas_Final_ProjectUITests.m; sourceTree = "<group>"; };
		AF3EAE18262AD40C0011D505 /* Info.plist */ = {isa = PBXFileReference; lastKnownFileType = text.plist.xml; path = Info.plist; sourceTree = "<group>"; };
		AF3EAE48262AE2520011D505 /* GearType.h */ = {isa = PBXFileReference; fileEncoding = 4; lastKnownFileType = sourcecode.c.h; path = GearType.h; sourceTree = "<group>"; };
		AF3EAE49262AE2520011D505 /* FuelType.h */ = {isa = PBXFileReference; fileEncoding = 4; lastKnownFileType = sourcecode.c.h; path = FuelType.h; sourceTree = "<group>"; };
		AF3EAE4A262AE2520011D505 /* NMMotorCycle.h */ = {isa = PBXFileReference; fileEncoding = 4; lastKnownFileType = sourcecode.c.h; path = NMMotorCycle.h; sourceTree = "<group>"; };
		AF3EAE4B262AE2520011D505 /* NMEngine.m */ = {isa = PBXFileReference; fileEncoding = 4; lastKnownFileType = sourcecode.c.objc; path = NMEngine.m; sourceTree = "<group>"; };
		AF3EAE4C262AE2520011D505 /* NMAutomobile.h */ = {isa = PBXFileReference; fileEncoding = 4; lastKnownFileType = sourcecode.c.h; path = NMAutomobile.h; sourceTree = "<group>"; };
		AF3EAE4D262AE2520011D505 /* NMEngine.h */ = {isa = PBXFileReference; fileEncoding = 4; lastKnownFileType = sourcecode.c.h; path = NMEngine.h; sourceTree = "<group>"; };
		AF3EAE4E262AE2530011D505 /* NMCar.h */ = {isa = PBXFileReference; fileEncoding = 4; lastKnownFileType = sourcecode.c.h; path = NMCar.h; sourceTree = "<group>"; };
		AF3EAE4F262AE2530011D505 /* NMMotorCycle.m */ = {isa = PBXFileReference; fileEncoding = 4; lastKnownFileType = sourcecode.c.objc; path = NMMotorCycle.m; sourceTree = "<group>"; };
		AF3EAE50262AE2530011D505 /* NMAutomobile.m */ = {isa = PBXFileReference; fileEncoding = 4; lastKnownFileType = sourcecode.c.objc; path = NMAutomobile.m; sourceTree = "<group>"; };
		AF3EAE51262AE2530011D505 /* NMCar.m */ = {isa = PBXFileReference; fileEncoding = 4; lastKnownFileType = sourcecode.c.objc; path = NMCar.m; sourceTree = "<group>"; };
		AF3EAE5D262AE2A60011D505 /* NMVehicle.h */ = {isa = PBXFileReference; lastKnownFileType = sourcecode.c.h; path = NMVehicle.h; sourceTree = "<group>"; };
		AF3EAE5E262AE2A60011D505 /* NMVehicle.m */ = {isa = PBXFileReference; lastKnownFileType = sourcecode.c.objc; path = NMVehicle.m; sourceTree = "<group>"; };
		AF3EAE63262AE3DD0011D505 /* NMTruck.h */ = {isa = PBXFileReference; lastKnownFileType = sourcecode.c.h; path = NMTruck.h; sourceTree = "<group>"; };
		AF3EAE64262AE3DD0011D505 /* NMTruck.m */ = {isa = PBXFileReference; lastKnownFileType = sourcecode.c.objc; path = NMTruck.m; sourceTree = "<group>"; };
		AFA0608326341BF200B7E239 /* AutomobileViewController.h */ = {isa = PBXFileReference; lastKnownFileType = sourcecode.c.h; path = AutomobileViewController.h; sourceTree = "<group>"; };
		AFA0608426341BF200B7E239 /* AutomobileViewController.m */ = {isa = PBXFileReference; lastKnownFileType = sourcecode.c.objc; path = AutomobileViewController.m; sourceTree = "<group>"; };
/* End PBXFileReference section */

/* Begin PBXFrameworksBuildPhase section */
		AF3EADE9262AD3F80011D505 /* Frameworks */ = {
			isa = PBXFrameworksBuildPhase;
			buildActionMask = 2147483647;
			files = (
			);
			runOnlyForDeploymentPostprocessing = 0;
		};
		AF3EAE04262AD40C0011D505 /* Frameworks */ = {
			isa = PBXFrameworksBuildPhase;
			buildActionMask = 2147483647;
			files = (
			);
			runOnlyForDeploymentPostprocessing = 0;
		};
		AF3EAE0F262AD40C0011D505 /* Frameworks */ = {
			isa = PBXFrameworksBuildPhase;
			buildActionMask = 2147483647;
			files = (
			);
			runOnlyForDeploymentPostprocessing = 0;
		};
/* End PBXFrameworksBuildPhase section */

/* Begin PBXGroup section */
		AF3EADE3262AD3F80011D505 = {
			isa = PBXGroup;
			children = (
				AF3EADEE262AD3F80011D505 /* Anas Final Project */,
				AF3EAE0A262AD40C0011D505 /* Anas Final ProjectTests */,
				AF3EAE15262AD40C0011D505 /* Anas Final ProjectUITests */,
				AF3EADED262AD3F80011D505 /* Products */,
			);
			sourceTree = "<group>";
		};
		AF3EADED262AD3F80011D505 /* Products */ = {
			isa = PBXGroup;
			children = (
				AF3EADEC262AD3F80011D505 /* Anas Final Project.app */,
				AF3EAE07262AD40C0011D505 /* Anas Final ProjectTests.xctest */,
				AF3EAE12262AD40C0011D505 /* Anas Final ProjectUITests.xctest */,
			);
			name = Products;
			sourceTree = "<group>";
		};
		AF3EADEE262AD3F80011D505 /* Anas Final Project */ = {
			isa = PBXGroup;
			children = (
				AF3EAE49262AE2520011D505 /* FuelType.h */,
				AF3EAE48262AE2520011D505 /* GearType.h */,
				AF3EAE4C262AE2520011D505 /* NMAutomobile.h */,
				AF3EAE50262AE2530011D505 /* NMAutomobile.m */,
				AF3EAE4E262AE2530011D505 /* NMCar.h */,
				AF3EAE51262AE2530011D505 /* NMCar.m */,
				AF3EAE4D262AE2520011D505 /* NMEngine.h */,
				AF3EAE4B262AE2520011D505 /* NMEngine.m */,
				AF3EAE4A262AE2520011D505 /* NMMotorCycle.h */,
				AF3EAE4F262AE2530011D505 /* NMMotorCycle.m */,
				AF3EADEF262AD3F90011D505 /* AppDelegate.h */,
				AF3EADF0262AD3F90011D505 /* AppDelegate.m */,
				AF3EADF2262AD3F90011D505 /* SceneDelegate.h */,
				AF3EADF3262AD3F90011D505 /* SceneDelegate.m */,
				AF3EADFB262AD4090011D505 /* Assets.xcassets */,
				AF3EADFD262AD4090011D505 /* LaunchScreen.storyboard */,
				AF3EAE00262AD4090011D505 /* Info.plist */,
				AF3EAE01262AD4090011D505 /* main.m */,
				AF3EAE5D262AE2A60011D505 /* NMVehicle.h */,
				AF3EAE5E262AE2A60011D505 /* NMVehicle.m */,
				AF3EAE63262AE3DD0011D505 /* NMTruck.h */,
				AF3EAE64262AE3DD0011D505 /* NMTruck.m */,
				AF281D1826315CAB0003CE40 /* Main.storyboard */,
				AFA0608326341BF200B7E239 /* AutomobileViewController.h */,
				AFA0608426341BF200B7E239 /* AutomobileViewController.m */,
				AF281D2926316FAB0003CE40 /* NMAotumobileDetailsViewController.h */,
				AF281D2A26316FAB0003CE40 /* NMAotumobileDetailsViewController.m */,
				AF281D2326316F8C0003CE40 /* NMAutomobileImageViewController.h */,
				AF281D2426316F8C0003CE40 /* NMAutomobileImageViewController.m */,
				AF281D1D263165CA0003CE40 /* NMAutomobileTableViewController.h */,
				AF281D1E263165CA0003CE40 /* NMAutomobileTableViewController.m */,
			);
			path = "Anas Final Project";
			sourceTree = "<group>";
		};
		AF3EAE0A262AD40C0011D505 /* Anas Final ProjectTests */ = {
			isa = PBXGroup;
			children = (
				AF3EAE0B262AD40C0011D505 /* Anas_Final_ProjectTests.m */,
				AF3EAE0D262AD40C0011D505 /* Info.plist */,
			);
			path = "Anas Final ProjectTests";
			sourceTree = "<group>";
		};
		AF3EAE15262AD40C0011D505 /* Anas Final ProjectUITests */ = {
			isa = PBXGroup;
			children = (
				AF3EAE16262AD40C0011D505 /* Anas_Final_ProjectUITests.m */,
				AF3EAE18262AD40C0011D505 /* Info.plist */,
			);
			path = "Anas Final ProjectUITests";
			sourceTree = "<group>";
		};
/* End PBXGroup section */

/* Begin PBXNativeTarget section */
		AF3EADEB262AD3F80011D505 /* Anas Final Project */ = {
			isa = PBXNativeTarget;
			buildConfigurationList = AF3EAE1B262AD40C0011D505 /* Build configuration list for PBXNativeTarget "Anas Final Project" */;
			buildPhases = (
				AF3EADE8262AD3F80011D505 /* Sources */,
				AF3EADE9262AD3F80011D505 /* Frameworks */,
				AF3EADEA262AD3F80011D505 /* Resources */,
			);
			buildRules = (
			);
			dependencies = (
			);
			name = "Anas Final Project";
			productName = "Anas Final Project";
			productReference = AF3EADEC262AD3F80011D505 /* Anas Final Project.app */;
			productType = "com.apple.product-type.application";
		};
		AF3EAE06262AD40C0011D505 /* Anas Final ProjectTests */ = {
			isa = PBXNativeTarget;
			buildConfigurationList = AF3EAE1E262AD40C0011D505 /* Build configuration list for PBXNativeTarget "Anas Final ProjectTests" */;
			buildPhases = (
				AF3EAE03262AD40C0011D505 /* Sources */,
				AF3EAE04262AD40C0011D505 /* Frameworks */,
				AF3EAE05262AD40C0011D505 /* Resources */,
			);
			buildRules = (
			);
			dependencies = (
				AF3EAE09262AD40C0011D505 /* PBXTargetDependency */,
			);
			name = "Anas Final ProjectTests";
			productName = "Anas Final ProjectTests";
			productReference = AF3EAE07262AD40C0011D505 /* Anas Final ProjectTests.xctest */;
			productType = "com.apple.product-type.bundle.unit-test";
		};
		AF3EAE11262AD40C0011D505 /* Anas Final ProjectUITests */ = {
			isa = PBXNativeTarget;
			buildConfigurationList = AF3EAE21262AD40C0011D505 /* Build configuration list for PBXNativeTarget "Anas Final ProjectUITests" */;
			buildPhases = (
				AF3EAE0E262AD40C0011D505 /* Sources */,
				AF3EAE0F262AD40C0011D505 /* Frameworks */,
				AF3EAE10262AD40C0011D505 /* Resources */,
			);
			buildRules = (
			);
			dependencies = (
				AF3EAE14262AD40C0011D505 /* PBXTargetDependency */,
			);
			name = "Anas Final ProjectUITests";
			productName = "Anas Final ProjectUITests";
			productReference = AF3EAE12262AD40C0011D505 /* Anas Final ProjectUITests.xctest */;
			productType = "com.apple.product-type.bundle.ui-testing";
		};
/* End PBXNativeTarget section */

/* Begin PBXProject section */
		AF3EADE4262AD3F80011D505 /* Project object */ = {
			isa = PBXProject;
			attributes = {
				LastUpgradeCheck = 1240;
				TargetAttributes = {
					AF3EADEB262AD3F80011D505 = {
						CreatedOnToolsVersion = 12.4;
					};
					AF3EAE06262AD40C0011D505 = {
						CreatedOnToolsVersion = 12.4;
						TestTargetID = AF3EADEB262AD3F80011D505;
					};
					AF3EAE11262AD40C0011D505 = {
						CreatedOnToolsVersion = 12.4;
						TestTargetID = AF3EADEB262AD3F80011D505;
					};
				};
			};
			buildConfigurationList = AF3EADE7262AD3F80011D505 /* Build configuration list for PBXProject "Anas Final Project" */;
			compatibilityVersion = "Xcode 9.3";
			developmentRegion = en;
			hasScannedForEncodings = 0;
			knownRegions = (
				en,
				Base,
			);
			mainGroup = AF3EADE3262AD3F80011D505;
			productRefGroup = AF3EADED262AD3F80011D505 /* Products */;
			projectDirPath = "";
			projectRoot = "";
			targets = (
				AF3EADEB262AD3F80011D505 /* Anas Final Project */,
				AF3EAE06262AD40C0011D505 /* Anas Final ProjectTests */,
				AF3EAE11262AD40C0011D505 /* Anas Final ProjectUITests */,
			);
		};
/* End PBXProject section */

/* Begin PBXResourcesBuildPhase section */
		AF3EADEA262AD3F80011D505 /* Resources */ = {
			isa = PBXResourcesBuildPhase;
			buildActionMask = 2147483647;
			files = (
				AF281D1926315CAB0003CE40 /* Main.storyboard in Resources */,
				AF3EADFF262AD4090011D505 /* LaunchScreen.storyboard in Resources */,
				AF3EADFC262AD4090011D505 /* Assets.xcassets in Resources */,
			);
			runOnlyForDeploymentPostprocessing = 0;
		};
		AF3EAE05262AD40C0011D505 /* Resources */ = {
			isa = PBXResourcesBuildPhase;
			buildActionMask = 2147483647;
			files = (
			);
			runOnlyForDeploymentPostprocessing = 0;
		};
		AF3EAE10262AD40C0011D505 /* Resources */ = {
			isa = PBXResourcesBuildPhase;
			buildActionMask = 2147483647;
			files = (
			);
			runOnlyForDeploymentPostprocessing = 0;
		};
/* End PBXResourcesBuildPhase section */

/* Begin PBXSourcesBuildPhase section */
		AF3EADE8262AD3F80011D505 /* Sources */ = {
			isa = PBXSourcesBuildPhase;
			buildActionMask = 2147483647;
			files = (
				AF3EADF1262AD3F90011D505 /* AppDelegate.m in Sources */,
				AF3EAE5F262AE2A60011D505 /* NMVehicle.m in Sources */,
				AF3EAE02262AD4090011D505 /* main.m in Sources */,
				AF3EAE56262AE2530011D505 /* NMCar.m in Sources */,
				AFA0608526341BF200B7E239 /* AutomobileViewController.m in Sources */,
				AF3EAE54262AE2530011D505 /* NMMotorCycle.m in Sources */,
				AF3EAE65262AE3DD0011D505 /* NMTruck.m in Sources */,
				AF3EAE55262AE2530011D505 /* NMAutomobile.m in Sources */,
				AF281D2B26316FAB0003CE40 /* NMAotumobileDetailsViewController.m in Sources */,
				AF3EADF4262AD3F90011D505 /* SceneDelegate.m in Sources */,
				AF3EAE53262AE2530011D505 /* NMEngine.m in Sources */,
				AF281D1F263165CA0003CE40 /* NMAutomobileTableViewController.m in Sources */,
				AF281D2526316F8C0003CE40 /* NMAutomobileImageViewController.m in Sources */,
			);
			runOnlyForDeploymentPostprocessing = 0;
		};
		AF3EAE03262AD40C0011D505 /* Sources */ = {
			isa = PBXSourcesBuildPhase;
			buildActionMask = 2147483647;
			files = (
				AF3EAE0C262AD40C0011D505 /* Anas_Final_ProjectTests.m in Sources */,
			);
			runOnlyForDeploymentPostprocessing = 0;
		};
		AF3EAE0E262AD40C0011D505 /* Sources */ = {
			isa = PBXSourcesBuildPhase;
			buildActionMask = 2147483647;
			files = (
				AF3EAE17262AD40C0011D505 /* Anas_Final_ProjectUITests.m in Sources */,
			);
			runOnlyForDeploymentPostprocessing = 0;
		};
/* End PBXSourcesBuildPhase section */

/* Begin PBXTargetDependency section */
		AF3EAE09262AD40C0011D505 /* PBXTargetDependency */ = {
			isa = PBXTargetDependency;
			target = AF3EADEB262AD3F80011D505 /* Anas Final Project */;
			targetProxy = AF3EAE08262AD40C0011D505 /* PBXContainerItemProxy */;
		};
		AF3EAE14262AD40C0011D505 /* PBXTargetDependency */ = {
			isa = PBXTargetDependency;
			target = AF3EADEB262AD3F80011D505 /* Anas Final Project */;
			targetProxy = AF3EAE13262AD40C0011D505 /* PBXContainerItemProxy */;
		};
/* End PBXTargetDependency section */

/* Begin PBXVariantGroup section */
		AF3EADFD262AD4090011D505 /* LaunchScreen.storyboard */ = {
			isa = PBXVariantGroup;
			children = (
				AF3EADFE262AD4090011D505 /* Base */,
			);
			name = LaunchScreen.storyboard;
			sourceTree = "<group>";
		};
/* End PBXVariantGroup section */

/* Begin XCBuildConfiguration section */
		AF3EAE19262AD40C0011D505 /* Debug */ = {
			isa = XCBuildConfiguration;
			buildSettings = {
				ALWAYS_SEARCH_USER_PATHS = NO;
				CLANG_ANALYZER_NONNULL = YES;
				CLANG_ANALYZER_NUMBER_OBJECT_CONVERSION = YES_AGGRESSIVE;
				CLANG_CXX_LANGUAGE_STANDARD = "gnu++14";
				CLANG_CXX_LIBRARY = "libc++";
				CLANG_ENABLE_MODULES = YES;
				CLANG_ENABLE_OBJC_ARC = YES;
				CLANG_ENABLE_OBJC_WEAK = YES;
				CLANG_WARN_BLOCK_CAPTURE_AUTORELEASING = YES;
				CLANG_WARN_BOOL_CONVERSION = YES;
				CLANG_WARN_COMMA = YES;
				CLANG_WARN_CONSTANT_CONVERSION = YES;
				CLANG_WARN_DEPRECATED_OBJC_IMPLEMENTATIONS = YES;
				CLANG_WARN_DIRECT_OBJC_ISA_USAGE = YES_ERROR;
				CLANG_WARN_DOCUMENTATION_COMMENTS = YES;
				CLANG_WARN_EMPTY_BODY = YES;
				CLANG_WARN_ENUM_CONVERSION = YES;
				CLANG_WARN_INFINITE_RECURSION = YES;
				CLANG_WARN_INT_CONVERSION = YES;
				CLANG_WARN_NON_LITERAL_NULL_CONVERSION = YES;
				CLANG_WARN_OBJC_IMPLICIT_RETAIN_SELF = YES;
				CLANG_WARN_OBJC_LITERAL_CONVERSION = YES;
				CLANG_WARN_OBJC_ROOT_CLASS = YES_ERROR;
				CLANG_WARN_QUOTED_INCLUDE_IN_FRAMEWORK_HEADER = YES;
				CLANG_WARN_RANGE_LOOP_ANALYSIS = YES;
				CLANG_WARN_STRICT_PROTOTYPES = YES;
				CLANG_WARN_SUSPICIOUS_MOVE = YES;
				CLANG_WARN_UNGUARDED_AVAILABILITY = YES_AGGRESSIVE;
				CLANG_WARN_UNREACHABLE_CODE = YES;
				CLANG_WARN__DUPLICATE_METHOD_MATCH = YES;
				COPY_PHASE_STRIP = NO;
				DEBUG_INFORMATION_FORMAT = dwarf;
				ENABLE_STRICT_OBJC_MSGSEND = YES;
				ENABLE_TESTABILITY = YES;
				GCC_C_LANGUAGE_STANDARD = gnu11;
				GCC_DYNAMIC_NO_PIC = NO;
				GCC_NO_COMMON_BLOCKS = YES;
				GCC_OPTIMIZATION_LEVEL = 0;
				GCC_PREPROCESSOR_DEFINITIONS = (
					"DEBUG=1",
					"$(inherited)",
				);
				GCC_WARN_64_TO_32_BIT_CONVERSION = YES;
				GCC_WARN_ABOUT_RETURN_TYPE = YES_ERROR;
				GCC_WARN_UNDECLARED_SELECTOR = YES;
				GCC_WARN_UNINITIALIZED_AUTOS = YES_AGGRESSIVE;
				GCC_WARN_UNUSED_FUNCTION = YES;
				GCC_WARN_UNUSED_VARIABLE = YES;
				IPHONEOS_DEPLOYMENT_TARGET = 14.4;
				MTL_ENABLE_DEBUG_INFO = INCLUDE_SOURCE;
				MTL_FAST_MATH = YES;
				ONLY_ACTIVE_ARCH = YES;
				SDKROOT = iphoneos;
			};
			name = Debug;
		};
		AF3EAE1A262AD40C0011D505 /* Release */ = {
			isa = XCBuildConfiguration;
			buildSettings = {
				ALWAYS_SEARCH_USER_PATHS = NO;
				CLANG_ANALYZER_NONNULL = YES;
				CLANG_ANALYZER_NUMBER_OBJECT_CONVERSION = YES_AGGRESSIVE;
				CLANG_CXX_LANGUAGE_STANDARD = "gnu++14";
				CLANG_CXX_LIBRARY = "libc++";
				CLANG_ENABLE_MODULES = YES;
				CLANG_ENABLE_OBJC_ARC = YES;
				CLANG_ENABLE_OBJC_WEAK = YES;
				CLANG_WARN_BLOCK_CAPTURE_AUTORELEASING = YES;
				CLANG_WARN_BOOL_CONVERSION = YES;
				CLANG_WARN_COMMA = YES;
				CLANG_WARN_CONSTANT_CONVERSION = YES;
				CLANG_WARN_DEPRECATED_OBJC_IMPLEMENTATIONS = YES;
				CLANG_WARN_DIRECT_OBJC_ISA_USAGE = YES_ERROR;
				CLANG_WARN_DOCUMENTATION_COMMENTS = YES;
				CLANG_WARN_EMPTY_BODY = YES;
				CLANG_WARN_ENUM_CONVERSION = YES;
				CLANG_WARN_INFINITE_RECURSION = YES;
				CLANG_WARN_INT_CONVERSION = YES;
				CLANG_WARN_NON_LITERAL_NULL_CONVERSION = YES;
				CLANG_WARN_OBJC_IMPLICIT_RETAIN_SELF = YES;
				CLANG_WARN_OBJC_LITERAL_CONVERSION = YES;
				CLANG_WARN_OBJC_ROOT_CLASS = YES_ERROR;
				CLANG_WARN_QUOTED_INCLUDE_IN_FRAMEWORK_HEADER = YES;
				CLANG_WARN_RANGE_LOOP_ANALYSIS = YES;
				CLANG_WARN_STRICT_PROTOTYPES = YES;
				CLANG_WARN_SUSPICIOUS_MOVE = YES;
				CLANG_WARN_UNGUARDED_AVAILABILITY = YES_AGGRESSIVE;
				CLANG_WARN_UNREACHABLE_CODE = YES;
				CLANG_WARN__DUPLICATE_METHOD_MATCH = YES;
				COPY_PHASE_STRIP = NO;
				DEBUG_INFORMATION_FORMAT = "dwarf-with-dsym";
				ENABLE_NS_ASSERTIONS = NO;
				ENABLE_STRICT_OBJC_MSGSEND = YES;
				GCC_C_LANGUAGE_STANDARD = gnu11;
				GCC_NO_COMMON_BLOCKS = YES;
				GCC_WARN_64_TO_32_BIT_CONVERSION = YES;
				GCC_WARN_ABOUT_RETURN_TYPE = YES_ERROR;
				GCC_WARN_UNDECLARED_SELECTOR = YES;
				GCC_WARN_UNINITIALIZED_AUTOS = YES_AGGRESSIVE;
				GCC_WARN_UNUSED_FUNCTION = YES;
				GCC_WARN_UNUSED_VARIABLE = YES;
				IPHONEOS_DEPLOYMENT_TARGET = 14.4;
				MTL_ENABLE_DEBUG_INFO = NO;
				MTL_FAST_MATH = YES;
				SDKROOT = iphoneos;
				VALIDATE_PRODUCT = YES;
			};
			name = Release;
		};
		AF3EAE1C262AD40C0011D505 /* Debug */ = {
			isa = XCBuildConfiguration;
			buildSettings = {
				ASSETCATALOG_COMPILER_APPICON_NAME = AppIcon;
				ASSETCATALOG_COMPILER_GLOBAL_ACCENT_COLOR_NAME = AccentColor;
				CODE_SIGN_STYLE = Automatic;
				INFOPLIST_FILE = "Anas Final Project/Info.plist";
				LD_RUNPATH_SEARCH_PATHS = (
					"$(inherited)",
					"@executable_path/Frameworks",
				);
				PRODUCT_BUNDLE_IDENTIFIER = "com.najah-com.Anas-Final-Project";
				PRODUCT_NAME = "$(TARGET_NAME)";
				TARGETED_DEVICE_FAMILY = "1,2";
			};
			name = Debug;
		};
		AF3EAE1D262AD40C0011D505 /* Release */ = {
			isa = XCBuildConfiguration;
			buildSettings = {
				ASSETCATALOG_COMPILER_APPICON_NAME = AppIcon;
				ASSETCATALOG_COMPILER_GLOBAL_ACCENT_COLOR_NAME = AccentColor;
				CODE_SIGN_STYLE = Automatic;
				INFOPLIST_FILE = "Anas Final Project/Info.plist";
				LD_RUNPATH_SEARCH_PATHS = (
					"$(inherited)",
					"@executable_path/Frameworks",
				);
				PRODUCT_BUNDLE_IDENTIFIER = "com.najah-com.Anas-Final-Project";
				PRODUCT_NAME = "$(TARGET_NAME)";
				TARGETED_DEVICE_FAMILY = "1,2";
			};
			name = Release;
		};
		AF3EAE1F262AD40C0011D505 /* Debug */ = {
			isa = XCBuildConfiguration;
			buildSettings = {
				BUNDLE_LOADER = "$(TEST_HOST)";
				CODE_SIGN_STYLE = Automatic;
				INFOPLIST_FILE = "Anas Final ProjectTests/Info.plist";
				IPHONEOS_DEPLOYMENT_TARGET = 14.4;
				LD_RUNPATH_SEARCH_PATHS = (
					"$(inherited)",
					"@executable_path/Frameworks",
					"@loader_path/Frameworks",
				);
				PRODUCT_BUNDLE_IDENTIFIER = "com.najah-com.Anas-Final-ProjectTests";
				PRODUCT_NAME = "$(TARGET_NAME)";
				TARGETED_DEVICE_FAMILY = "1,2";
				TEST_HOST = "$(BUILT_PRODUCTS_DIR)/Anas Final Project.app/Anas Final Project";
			};
			name = Debug;
		};
		AF3EAE20262AD40C0011D505 /* Release */ = {
			isa = XCBuildConfiguration;
			buildSettings = {
				BUNDLE_LOADER = "$(TEST_HOST)";
				CODE_SIGN_STYLE = Automatic;
				INFOPLIST_FILE = "Anas Final ProjectTests/Info.plist";
				IPHONEOS_DEPLOYMENT_TARGET = 14.4;
				LD_RUNPATH_SEARCH_PATHS = (
					"$(inherited)",
					"@executable_path/Frameworks",
					"@loader_path/Frameworks",
				);
				PRODUCT_BUNDLE_IDENTIFIER = "com.najah-com.Anas-Final-ProjectTests";
				PRODUCT_NAME = "$(TARGET_NAME)";
				TARGETED_DEVICE_FAMILY = "1,2";
				TEST_HOST = "$(BUILT_PRODUCTS_DIR)/Anas Final Project.app/Anas Final Project";
			};
			name = Release;
		};
		AF3EAE22262AD40C0011D505 /* Debug */ = {
			isa = XCBuildConfiguration;
			buildSettings = {
				CODE_SIGN_STYLE = Automatic;
				INFOPLIST_FILE = "Anas Final ProjectUITests/Info.plist";
				LD_RUNPATH_SEARCH_PATHS = (
					"$(inherited)",
					"@executable_path/Frameworks",
					"@loader_path/Frameworks",
				);
				PRODUCT_BUNDLE_IDENTIFIER = "com.najah-com.Anas-Final-ProjectUITests";
				PRODUCT_NAME = "$(TARGET_NAME)";
				TARGETED_DEVICE_FAMILY = "1,2";
				TEST_TARGET_NAME = "Anas Final Project";
			};
			name = Debug;
		};
		AF3EAE23262AD40C0011D505 /* Release */ = {
			isa = XCBuildConfiguration;
			buildSettings = {
				CODE_SIGN_STYLE = Automatic;
				INFOPLIST_FILE = "Anas Final ProjectUITests/Info.plist";
				LD_RUNPATH_SEARCH_PATHS = (
					"$(inherited)",
					"@executable_path/Frameworks",
					"@loader_path/Frameworks",
				);
				PRODUCT_BUNDLE_IDENTIFIER = "com.najah-com.Anas-Final-ProjectUITests";
				PRODUCT_NAME = "$(TARGET_NAME)";
				TARGETED_DEVICE_FAMILY = "1,2";
				TEST_TARGET_NAME = "Anas Final Project";
			};
			name = Release;
		};
/* End XCBuildConfiguration section */

/* Begin XCConfigurationList section */
		AF3EADE7262AD3F80011D505 /* Build configuration list for PBXProject "Anas Final Project" */ = {
			isa = XCConfigurationList;
			buildConfigurations = (
				AF3EAE19262AD40C0011D505 /* Debug */,
				AF3EAE1A262AD40C0011D505 /* Release */,
			);
			defaultConfigurationIsVisible = 0;
			defaultConfigurationName = Release;
		};
		AF3EAE1B262AD40C0011D505 /* Build configuration list for PBXNativeTarget "Anas Final Project" */ = {
			isa = XCConfigurationList;
			buildConfigurations = (
				AF3EAE1C262AD40C0011D505 /* Debug */,
				AF3EAE1D262AD40C0011D505 /* Release */,
			);
			defaultConfigurationIsVisible = 0;
			defaultConfigurationName = Release;
		};
		AF3EAE1E262AD40C0011D505 /* Build configuration list for PBXNativeTarget "Anas Final ProjectTests" */ = {
			isa = XCConfigurationList;
			buildConfigurations = (
				AF3EAE1F262AD40C0011D505 /* Debug */,
				AF3EAE20262AD40C0011D505 /* Release */,
			);
			defaultConfigurationIsVisible = 0;
			defaultConfigurationName = Release;
		};
		AF3EAE21262AD40C0011D505 /* Build configuration list for PBXNativeTarget "Anas Final ProjectUITests" */ = {
			isa = XCConfigurationList;
			buildConfigurations = (
				AF3EAE22262AD40C0011D505 /* Debug */,
				AF3EAE23262AD40C0011D505 /* Release */,
			);
			defaultConfigurationIsVisible = 0;
			defaultConfigurationName = Release;
		};
/* End XCConfigurationList section */
	};
	rootObject = AF3EADE4262AD3F80011D505 /* Project object */;
}
